// !$*UTF8*$!
{
	archiveVersion = 1;
	classes = {
	};
	objectVersion = 77;
	objects = {

/* Begin PBXContainerItemProxy section */
		603825F52E171CFD00209896 /* PBXContainerItemProxy */ = {
			isa = PBXContainerItemProxy;
			containerPortal = 603825DC2E171CFC00209896 /* Project object */;
			proxyType = 1;
			remoteGlobalIDString = 603825E32E171CFC00209896;
			remoteInfo = HabitTrackerSwift;
		};
		603825FF2E171CFD00209896 /* PBXContainerItemProxy */ = {
			isa = PBXContainerItemProxy;
			containerPortal = 603825DC2E171CFC00209896 /* Project object */;
			proxyType = 1;
			remoteGlobalIDString = 603825E32E171CFC00209896;
			remoteInfo = HabitTrackerSwift;
		};
/* End PBXContainerItemProxy section */

/* Begin PBXFileReference section */
		603825E42E171CFC00209896 /* HabitTrackerSwift.app */ = {isa = PBXFileReference; explicitFileType = wrapper.application; includeInIndex = 0; path = HabitTrackerSwift.app; sourceTree = BUILT_PRODUCTS_DIR; };
		603825F42E171CFD00209896 /* HabitTrackerSwiftTests.xctest */ = {isa = PBXFileReference; explicitFileType = wrapper.cfbundle; includeInIndex = 0; path = HabitTrackerSwiftTests.xctest; sourceTree = BUILT_PRODUCTS_DIR; };
		603825FE2E171CFD00209896 /* HabitTrackerSwiftUITests.xctest */ = {isa = PBXFileReference; explicitFileType = wrapper.cfbundle; includeInIndex = 0; path = HabitTrackerSwiftUITests.xctest; sourceTree = BUILT_PRODUCTS_DIR; };
/* End PBXFileReference section */

/* Begin PBXFileSystemSynchronizedRootGroup section */
		603825E62E171CFC00209896 /* HabitTrackerSwift */ = {
			isa = PBXFileSystemSynchronizedRootGroup;
			path = HabitTrackerSwift;
			sourceTree = "<group>";
		};
		603825F72E171CFD00209896 /* HabitTrackerSwiftTests */ = {
			isa = PBXFileSystemSynchronizedRootGroup;
			path = HabitTrackerSwiftTests;
			sourceTree = "<group>";
		};
		603826012E171CFD00209896 /* HabitTrackerSwiftUITests */ = {
			isa = PBXFileSystemSynchronizedRootGroup;
			path = HabitTrackerSwiftUITests;
			sourceTree = "<group>";
		};
/* End PBXFileSystemSynchronizedRootGroup section */

/* Begin PBXFrameworksBuildPhase section */
		603825E12E171CFC00209896 /* Frameworks */ = {
			isa = PBXFrameworksBuildPhase;
			buildActionMask = 2147483647;
			files = (
			);
			runOnlyForDeploymentPostprocessing = 0;
		};
		603825F12E171CFD00209896 /* Frameworks */ = {
			isa = PBXFrameworksBuildPhase;
			buildActionMask = 2147483647;
			files = (
			);
			runOnlyForDeploymentPostprocessing = 0;
		};
		603825FB2E171CFD00209896 /* Frameworks */ = {
			isa = PBXFrameworksBuildPhase;
			buildActionMask = 2147483647;
			files = (
			);
			runOnlyForDeploymentPostprocessing = 0;
		};
/* End PBXFrameworksBuildPhase section */

/* Begin PBXGroup section */
		603825DB2E171CFC00209896 = {
			isa = PBXGroup;
			children = (
				603825E62E171CFC00209896 /* HabitTrackerSwift */,
				603825F72E171CFD00209896 /* HabitTrackerSwiftTests */,
				603826012E171CFD00209896 /* HabitTrackerSwiftUITests */,
				603825E52E171CFC00209896 /* Products */,
			);
			sourceTree = "<group>";
		};
		603825E52E171CFC00209896 /* Products */ = {
			isa = PBXGroup;
			children = (
				603825E42E171CFC00209896 /* HabitTrackerSwift.app */,
				603825F42E171CFD00209896 /* HabitTrackerSwiftTests.xctest */,
				603825FE2E171CFD00209896 /* HabitTrackerSwiftUITests.xctest */,
			);
			name = Products;
			sourceTree = "<group>";
		};
/* End PBXGroup section */

/* Begin PBXNativeTarget section */
		603825E32E171CFC00209896 /* HabitTrackerSwift */ = {
			isa = PBXNativeTarget;
			buildConfigurationList = 603826082E171CFD00209896 /* Build configuration list for PBXNativeTarget "HabitTrackerSwift" */;
			buildPhases = (
				603825E02E171CFC00209896 /* Sources */,
				603825E12E171CFC00209896 /* Frameworks */,
				603825E22E171CFC00209896 /* Resources */,
			);
			buildRules = (
			);
			dependencies = (
			);
			fileSystemSynchronizedGroups = (
				603825E62E171CFC00209896 /* HabitTrackerSwift */,
			);
			name = HabitTrackerSwift;
			packageProductDependencies = (
			);
			productName = HabitTrackerSwift;
			productReference = 603825E42E171CFC00209896 /* HabitTrackerSwift.app */;
			productType = "com.apple.product-type.application";
		};
		603825F32E171CFD00209896 /* HabitTrackerSwiftTests */ = {
			isa = PBXNativeTarget;
			buildConfigurationList = 6038260B2E171CFD00209896 /* Build configuration list for PBXNativeTarget "HabitTrackerSwiftTests" */;
			buildPhases = (
				603825F02E171CFD00209896 /* Sources */,
				603825F12E171CFD00209896 /* Frameworks */,
				603825F22E171CFD00209896 /* Resources */,
			);
			buildRules = (
			);
			dependencies = (
				603825F62E171CFD00209896 /* PBXTargetDependency */,
			);
			fileSystemSynchronizedGroups = (
				603825F72E171CFD00209896 /* HabitTrackerSwiftTests */,
			);
			name = HabitTrackerSwiftTests;
			packageProductDependencies = (
			);
			productName = HabitTrackerSwiftTests;
			productReference = 603825F42E171CFD00209896 /* HabitTrackerSwiftTests.xctest */;
			productType = "com.apple.product-type.bundle.unit-test";
		};
		603825FD2E171CFD00209896 /* HabitTrackerSwiftUITests */ = {
			isa = PBXNativeTarget;
			buildConfigurationList = 6038260E2E171CFD00209896 /* Build configuration list for PBXNativeTarget "HabitTrackerSwiftUITests" */;
			buildPhases = (
				603825FA2E171CFD00209896 /* Sources */,
				603825FB2E171CFD00209896 /* Frameworks */,
				603825FC2E171CFD00209896 /* Resources */,
			);
			buildRules = (
			);
			dependencies = (
				603826002E171CFD00209896 /* PBXTargetDependency */,
			);
			fileSystemSynchronizedGroups = (
				603826012E171CFD00209896 /* HabitTrackerSwiftUITests */,
			);
			name = HabitTrackerSwiftUITests;
			packageProductDependencies = (
			);
			productName = HabitTrackerSwiftUITests;
			productReference = 603825FE2E171CFD00209896 /* HabitTrackerSwiftUITests.xctest */;
			productType = "com.apple.product-type.bundle.ui-testing";
		};
/* End PBXNativeTarget section */

/* Begin PBXProject section */
		603825DC2E171CFC00209896 /* Project object */ = {
			isa = PBXProject;
			attributes = {
				BuildIndependentTargetsInParallel = 1;
				LastSwiftUpdateCheck = 1620;
				LastUpgradeCheck = 1620;
				TargetAttributes = {
					603825E32E171CFC00209896 = {
						CreatedOnToolsVersion = 16.2;
					};
					603825F32E171CFD00209896 = {
						CreatedOnToolsVersion = 16.2;
						TestTargetID = 603825E32E171CFC00209896;
					};
					603825FD2E171CFD00209896 = {
						CreatedOnToolsVersion = 16.2;
						TestTargetID = 603825E32E171CFC00209896;
					};
				};
			};
			buildConfigurationList = 603825DF2E171CFC00209896 /* Build configuration list for PBXProject "HabitTrackerSwift" */;
			developmentRegion = en;
			hasScannedForEncodings = 0;
			knownRegions = (
				en,
				Base,
			);
			mainGroup = 603825DB2E171CFC00209896;
			minimizedProjectReferenceProxies = 1;
			preferredProjectObjectVersion = 77;
			productRefGroup = 603825E52E171CFC00209896 /* Products */;
			projectDirPath = "";
			projectRoot = "";
			targets = (
				603825E32E171CFC00209896 /* HabitTrackerSwift */,
				603825F32E171CFD00209896 /* HabitTrackerSwiftTests */,
				603825FD2E171CFD00209896 /* HabitTrackerSwiftUITests */,
			);
		};
/* End PBXProject section */

/* Begin PBXResourcesBuildPhase section */
		603825E22E171CFC00209896 /* Resources */ = {
			isa = PBXResourcesBuildPhase;
			buildActionMask = 2147483647;
			files = (
			);
			runOnlyForDeploymentPostprocessing = 0;
		};
		603825F22E171CFD00209896 /* Resources */ = {
			isa = PBXResourcesBuildPhase;
			buildActionMask = 2147483647;
			files = (
			);
			runOnlyForDeploymentPostprocessing = 0;
		};
		603825FC2E171CFD00209896 /* Resources */ = {
			isa = PBXResourcesBuildPhase;
			buildActionMask = 2147483647;
			files = (
			);
			runOnlyForDeploymentPostprocessing = 0;
		};
/* End PBXResourcesBuildPhase section */

/* Begin PBXSourcesBuildPhase section */
		603825E02E171CFC00209896 /* Sources */ = {
			isa = PBXSourcesBuildPhase;
			buildActionMask = 2147483647;
			files = (
			);
			runOnlyForDeploymentPostprocessing = 0;
		};
		603825F02E171CFD00209896 /* Sources */ = {
			isa = PBXSourcesBuildPhase;
			buildActionMask = 2147483647;
			files = (
			);
			runOnlyForDeploymentPostprocessing = 0;
		};
		603825FA2E171CFD00209896 /* Sources */ = {
			isa = PBXSourcesBuildPhase;
			buildActionMask = 2147483647;
			files = (
			);
			runOnlyForDeploymentPostprocessing = 0;
		};
/* End PBXSourcesBuildPhase section */

/* Begin PBXTargetDependency section */
		603825F62E171CFD00209896 /* PBXTargetDependency */ = {
			isa = PBXTargetDependency;
			target = 603825E32E171CFC00209896 /* HabitTrackerSwift */;
			targetProxy = 603825F52E171CFD00209896 /* PBXContainerItemProxy */;
		};
		603826002E171CFD00209896 /* PBXTargetDependency */ = {
			isa = PBXTargetDependency;
			target = 603825E32E171CFC00209896 /* HabitTrackerSwift */;
			targetProxy = 603825FF2E171CFD00209896 /* PBXContainerItemProxy */;
		};
/* End PBXTargetDependency section */

/* Begin XCBuildConfiguration section */
		603826062E171CFD00209896 /* Debug */ = {
			isa = XCBuildConfiguration;
			buildSettings = {
				ALWAYS_SEARCH_USER_PATHS = NO;
				ASSETCATALOG_COMPILER_GENERATE_SWIFT_ASSET_SYMBOL_EXTENSIONS = YES;
				CLANG_ANALYZER_NONNULL = YES;
				CLANG_ANALYZER_NUMBER_OBJECT_CONVERSION = YES_AGGRESSIVE;
				CLANG_CXX_LANGUAGE_STANDARD = "gnu++20";
				CLANG_ENABLE_MODULES = YES;
				CLANG_ENABLE_OBJC_ARC = YES;
				CLANG_ENABLE_OBJC_WEAK = YES;
				CLANG_WARN_BLOCK_CAPTURE_AUTORELEASING = YES;
				CLANG_WARN_BOOL_CONVERSION = YES;
				CLANG_WARN_COMMA = YES;
				CLANG_WARN_CONSTANT_CONVERSION = YES;
				CLANG_WARN_DEPRECATED_OBJC_IMPLEMENTATIONS = YES;
				CLANG_WARN_DIRECT_OBJC_ISA_USAGE = YES_ERROR;
				CLANG_WARN_DOCUMENTATION_COMMENTS = YES;
				CLANG_WARN_EMPTY_BODY = YES;
				CLANG_WARN_ENUM_CONVERSION = YES;
				CLANG_WARN_INFINITE_RECURSION = YES;
				CLANG_WARN_INT_CONVERSION = YES;
				CLANG_WARN_NON_LITERAL_NULL_CONVERSION = YES;
				CLANG_WARN_OBJC_IMPLICIT_RETAIN_SELF = YES;
				CLANG_WARN_OBJC_LITERAL_CONVERSION = YES;
				CLANG_WARN_OBJC_ROOT_CLASS = YES_ERROR;
				CLANG_WARN_QUOTED_INCLUDE_IN_FRAMEWORK_HEADER = YES;
				CLANG_WARN_RANGE_LOOP_ANALYSIS = YES;
				CLANG_WARN_STRICT_PROTOTYPES = YES;
				CLANG_WARN_SUSPICIOUS_MOVE = YES;
				CLANG_WARN_UNGUARDED_AVAILABILITY = YES_AGGRESSIVE;
				CLANG_WARN_UNREACHABLE_CODE = YES;
				CLANG_WARN__DUPLICATE_METHOD_MATCH = YES;
				COPY_PHASE_STRIP = NO;
				DEBUG_INFORMATION_FORMAT = dwarf;
				ENABLE_STRICT_OBJC_MSGSEND = YES;
				ENABLE_TESTABILITY = YES;
				ENABLE_USER_SCRIPT_SANDBOXING = YES;
				GCC_C_LANGUAGE_STANDARD = gnu17;
				GCC_DYNAMIC_NO_PIC = NO;
				GCC_NO_COMMON_BLOCKS = YES;
				GCC_OPTIMIZATION_LEVEL = 0;
				GCC_PREPROCESSOR_DEFINITIONS = (
					"DEBUG=1",
					"$(inherited)",
				);
				GCC_WARN_64_TO_32_BIT_CONVERSION = YES;
				GCC_WARN_ABOUT_RETURN_TYPE = YES_ERROR;
				GCC_WARN_UNDECLARED_SELECTOR = YES;
				GCC_WARN_UNINITIALIZED_AUTOS = YES_AGGRESSIVE;
				GCC_WARN_UNUSED_FUNCTION = YES;
				GCC_WARN_UNUSED_VARIABLE = YES;
				IPHONEOS_DEPLOYMENT_TARGET = 18.2;
				LOCALIZATION_PREFERS_STRING_CATALOGS = YES;
				MTL_ENABLE_DEBUG_INFO = INCLUDE_SOURCE;
				MTL_FAST_MATH = YES;
				ONLY_ACTIVE_ARCH = YES;
				SDKROOT = iphoneos;
				SWIFT_ACTIVE_COMPILATION_CONDITIONS = "DEBUG $(inherited)";
				SWIFT_OPTIMIZATION_LEVEL = "-Onone";
			};
			name = Debug;
		};
		603826072E171CFD00209896 /* Release */ = {
			isa = XCBuildConfiguration;
			buildSettings = {
				ALWAYS_SEARCH_USER_PATHS = NO;
				ASSETCATALOG_COMPILER_GENERATE_SWIFT_ASSET_SYMBOL_EXTENSIONS = YES;
				CLANG_ANALYZER_NONNULL = YES;
				CLANG_ANALYZER_NUMBER_OBJECT_CONVERSION = YES_AGGRESSIVE;
				CLANG_CXX_LANGUAGE_STANDARD = "gnu++20";
				CLANG_ENABLE_MODULES = YES;
				CLANG_ENABLE_OBJC_ARC = YES;
				CLANG_ENABLE_OBJC_WEAK = YES;
				CLANG_WARN_BLOCK_CAPTURE_AUTORELEASING = YES;
				CLANG_WARN_BOOL_CONVERSION = YES;
				CLANG_WARN_COMMA = YES;
				CLANG_WARN_CONSTANT_CONVERSION = YES;
				CLANG_WARN_DEPRECATED_OBJC_IMPLEMENTATIONS = YES;
				CLANG_WARN_DIRECT_OBJC_ISA_USAGE = YES_ERROR;
				CLANG_WARN_DOCUMENTATION_COMMENTS = YES;
				CLANG_WARN_EMPTY_BODY = YES;
				CLANG_WARN_ENUM_CONVERSION = YES;
				CLANG_WARN_INFINITE_RECURSION = YES;
				CLANG_WARN_INT_CONVERSION = YES;
				CLANG_WARN_NON_LITERAL_NULL_CONVERSION = YES;
				CLANG_WARN_OBJC_IMPLICIT_RETAIN_SELF = YES;
				CLANG_WARN_OBJC_LITERAL_CONVERSION = YES;
				CLANG_WARN_OBJC_ROOT_CLASS = YES_ERROR;
				CLANG_WARN_QUOTED_INCLUDE_IN_FRAMEWORK_HEADER = YES;
				CLANG_WARN_RANGE_LOOP_ANALYSIS = YES;
				CLANG_WARN_STRICT_PROTOTYPES = YES;
				CLANG_WARN_SUSPICIOUS_MOVE = YES;
				CLANG_WARN_UNGUARDED_AVAILABILITY = YES_AGGRESSIVE;
				CLANG_WARN_UNREACHABLE_CODE = YES;
				CLANG_WARN__DUPLICATE_METHOD_MATCH = YES;
				COPY_PHASE_STRIP = NO;
				DEBUG_INFORMATION_FORMAT = "dwarf-with-dsym";
				ENABLE_NS_ASSERTIONS = NO;
				ENABLE_STRICT_OBJC_MSGSEND = YES;
				ENABLE_USER_SCRIPT_SANDBOXING = YES;
				GCC_C_LANGUAGE_STANDARD = gnu17;
				GCC_NO_COMMON_BLOCKS = YES;
				GCC_WARN_64_TO_32_BIT_CONVERSION = YES;
				GCC_WARN_ABOUT_RETURN_TYPE = YES_ERROR;
				GCC_WARN_UNDECLARED_SELECTOR = YES;
				GCC_WARN_UNINITIALIZED_AUTOS = YES_AGGRESSIVE;
				GCC_WARN_UNUSED_FUNCTION = YES;
				GCC_WARN_UNUSED_VARIABLE = YES;
				IPHONEOS_DEPLOYMENT_TARGET = 18.2;
				LOCALIZATION_PREFERS_STRING_CATALOGS = YES;
				MTL_ENABLE_DEBUG_INFO = NO;
				MTL_FAST_MATH = YES;
				SDKROOT = iphoneos;
				SWIFT_COMPILATION_MODE = wholemodule;
				VALIDATE_PRODUCT = YES;
			};
			name = Release;
		};
		603826092E171CFD00209896 /* Debug */ = {
			isa = XCBuildConfiguration;
			buildSettings = {
				ASSETCATALOG_COMPILER_APPICON_NAME = AppIcon;
				ASSETCATALOG_COMPILER_GLOBAL_ACCENT_COLOR_NAME = AccentColor;
				CODE_SIGN_STYLE = Automatic;
				CURRENT_PROJECT_VERSION = 1;
				DEVELOPMENT_ASSET_PATHS = "\"HabitTrackerSwift/Preview Content\"";
				DEVELOPMENT_TEAM = 34BAKGP6PQ;
				ENABLE_PREVIEWS = YES;
				GENERATE_INFOPLIST_FILE = YES;
				INFOPLIST_KEY_UIApplicationSceneManifest_Generation = YES;
				INFOPLIST_KEY_UIApplicationSupportsIndirectInputEvents = YES;
				INFOPLIST_KEY_UILaunchScreen_Generation = YES;
				INFOPLIST_KEY_UISupportedInterfaceOrientations_iPad = "UIInterfaceOrientationPortrait UIInterfaceOrientationPortraitUpsideDown UIInterfaceOrientationLandscapeLeft UIInterfaceOrientationLandscapeRight";
				INFOPLIST_KEY_UISupportedInterfaceOrientations_iPhone = "UIInterfaceOrientationPortrait UIInterfaceOrientationLandscapeLeft UIInterfaceOrientationLandscapeRight";
				LD_RUNPATH_SEARCH_PATHS = (
					"$(inherited)",
					"@executable_path/Frameworks",
				);
				MARKETING_VERSION = 1.0;
				PRODUCT_BUNDLE_IDENTIFIER = alexisdev.HabitTrackerSwift;
				PRODUCT_NAME = "$(TARGET_NAME)";
				SWIFT_EMIT_LOC_STRINGS = YES;
				SWIFT_VERSION = 5.0;
				TARGETED_DEVICE_FAMILY = "1,2";
			};
			name = Debug;
		};
		6038260A2E171CFD00209896 /* Release */ = {
			isa = XCBuildConfiguration;
			buildSettings = {
				ASSETCATALOG_COMPILER_APPICON_NAME = AppIcon;
				ASSETCATALOG_COMPILER_GLOBAL_ACCENT_COLOR_NAME = AccentColor;
				CODE_SIGN_STYLE = Automatic;
				CURRENT_PROJECT_VERSION = 1;
				DEVELOPMENT_ASSET_PATHS = "\"HabitTrackerSwift/Preview Content\"";
				DEVELOPMENT_TEAM = 34BAKGP6PQ;
				ENABLE_PREVIEWS = YES;
				GENERATE_INFOPLIST_FILE = YES;
				INFOPLIST_KEY_UIApplicationSceneManifest_Generation = YES;
				INFOPLIST_KEY_UIApplicationSupportsIndirectInputEvents = YES;
				INFOPLIST_KEY_UILaunchScreen_Generation = YES;
				INFOPLIST_KEY_UISupportedInterfaceOrientations_iPad = "UIInterfaceOrientationPortrait UIInterfaceOrientationPortraitUpsideDown UIInterfaceOrientationLandscapeLeft UIInterfaceOrientationLandscapeRight";
				INFOPLIST_KEY_UISupportedInterfaceOrientations_iPhone = "UIInterfaceOrientationPortrait UIInterfaceOrientationLandscapeLeft UIInterfaceOrientationLandscapeRight";
				LD_RUNPATH_SEARCH_PATHS = (
					"$(inherited)",
					"@executable_path/Frameworks",
				);
				MARKETING_VERSION = 1.0;
				PRODUCT_BUNDLE_IDENTIFIER = alexisdev.HabitTrackerSwift;
				PRODUCT_NAME = "$(TARGET_NAME)";
				SWIFT_EMIT_LOC_STRINGS = YES;
				SWIFT_VERSION = 5.0;
				TARGETED_DEVICE_FAMILY = "1,2";
			};
			name = Release;
		};
		6038260C2E171CFD00209896 /* Debug */ = {
			isa = XCBuildConfiguration;
			buildSettings = {
				BUNDLE_LOADER = "$(TEST_HOST)";
				CODE_SIGN_STYLE = Automatic;
				CURRENT_PROJECT_VERSION = 1;
				DEVELOPMENT_TEAM = 34BAKGP6PQ;
				GENERATE_INFOPLIST_FILE = YES;
				IPHONEOS_DEPLOYMENT_TARGET = 18.2;
				MARKETING_VERSION = 1.0;
				PRODUCT_BUNDLE_IDENTIFIER = alexisdev.HabitTrackerSwiftTests;
				PRODUCT_NAME = "$(TARGET_NAME)";
				SWIFT_EMIT_LOC_STRINGS = NO;
				SWIFT_VERSION = 5.0;
				TARGETED_DEVICE_FAMILY = "1,2";
				TEST_HOST = "$(BUILT_PRODUCTS_DIR)/HabitTrackerSwift.app/$(BUNDLE_EXECUTABLE_FOLDER_PATH)/HabitTrackerSwift";
			};
			name = Debug;
		};
		6038260D2E171CFD00209896 /* Release */ = {
			isa = XCBuildConfiguration;
			buildSettings = {
				BUNDLE_LOADER = "$(TEST_HOST)";
				CODE_SIGN_STYLE = Automatic;
				CURRENT_PROJECT_VERSION = 1;
				DEVELOPMENT_TEAM = 34BAKGP6PQ;
				GENERATE_INFOPLIST_FILE = YES;
				IPHONEOS_DEPLOYMENT_TARGET = 18.2;
				MARKETING_VERSION = 1.0;
				PRODUCT_BUNDLE_IDENTIFIER = alexisdev.HabitTrackerSwiftTests;
				PRODUCT_NAME = "$(TARGET_NAME)";
				SWIFT_EMIT_LOC_STRINGS = NO;
				SWIFT_VERSION = 5.0;
				TARGETED_DEVICE_FAMILY = "1,2";
				TEST_HOST = "$(BUILT_PRODUCTS_DIR)/HabitTrackerSwift.app/$(BUNDLE_EXECUTABLE_FOLDER_PATH)/HabitTrackerSwift";
			};
			name = Release;
		};
		6038260F2E171CFD00209896 /* Debug */ = {
			isa = XCBuildConfiguration;
			buildSettings = {
				CODE_SIGN_STYLE = Automatic;
				CURRENT_PROJECT_VERSION = 1;
				DEVELOPMENT_TEAM = 34BAKGP6PQ;
				GENERATE_INFOPLIST_FILE = YES;
				MARKETING_VERSION = 1.0;
				PRODUCT_BUNDLE_IDENTIFIER = alexisdev.HabitTrackerSwiftUITests;
				PRODUCT_NAME = "$(TARGET_NAME)";
				SWIFT_EMIT_LOC_STRINGS = NO;
				SWIFT_VERSION = 5.0;
				TARGETED_DEVICE_FAMILY = "1,2";
				TEST_TARGET_NAME = HabitTrackerSwift;
			};
			name = Debug;
		};
		603826102E171CFD00209896 /* Release */ = {
			isa = XCBuildConfiguration;
			buildSettings = {
				CODE_SIGN_STYLE = Automatic;
				CURRENT_PROJECT_VERSION = 1;
				DEVELOPMENT_TEAM = 34BAKGP6PQ;
				GENERATE_INFOPLIST_FILE = YES;
				MARKETING_VERSION = 1.0;
				PRODUCT_BUNDLE_IDENTIFIER = alexisdev.HabitTrackerSwiftUITests;
				PRODUCT_NAME = "$(TARGET_NAME)";
				SWIFT_EMIT_LOC_STRINGS = NO;
				SWIFT_VERSION = 5.0;
				TARGETED_DEVICE_FAMILY = "1,2";
				TEST_TARGET_NAME = HabitTrackerSwift;
			};
			name = Release;
		};
/* End XCBuildConfiguration section */

/* Begin XCConfigurationList section */
		603825DF2E171CFC00209896 /* Build configuration list for PBXProject "HabitTrackerSwift" */ = {
			isa = XCConfigurationList;
			buildConfigurations = (
				603826062E171CFD00209896 /* Debug */,
				603826072E171CFD00209896 /* Release */,
			);
			defaultConfigurationIsVisible = 0;
			defaultConfigurationName = Release;
		};
		603826082E171CFD00209896 /* Build configuration list for PBXNativeTarget "HabitTrackerSwift" */ = {
			isa = XCConfigurationList;
			buildConfigurations = (
				603826092E171CFD00209896 /* Debug */,
				6038260A2E171CFD00209896 /* Release */,
			);
			defaultConfigurationIsVisible = 0;
			defaultConfigurationName = Release;
		};
		6038260B2E171CFD00209896 /* Build configuration list for PBXNativeTarget "HabitTrackerSwiftTests" */ = {
			isa = XCConfigurationList;
			buildConfigurations = (
				6038260C2E171CFD00209896 /* Debug */,
				6038260D2E171CFD00209896 /* Release */,
			);
			defaultConfigurationIsVisible = 0;
			defaultConfigurationName = Release;
		};
		6038260E2E171CFD00209896 /* Build configuration list for PBXNativeTarget "HabitTrackerSwiftUITests" */ = {
			isa = XCConfigurationList;
			buildConfigurations = (
				6038260F2E171CFD00209896 /* Debug */,
				603826102E171CFD00209896 /* Release */,
			);
			defaultConfigurationIsVisible = 0;
			defaultConfigurationName = Release;
		};
/* End XCConfigurationList section */
	};
	rootObject = 603825DC2E171CFC00209896 /* Project object */;
}
